// !$*UTF8*$!
{
	archiveVersion = 1;
	classes = {
	};
	objectVersion = 46;
	objects = {

/* Begin PBXBuildFile section */
		06B4E53B1B2690C5006C3B1F /* MTImageViewStyleObj.m in Sources */ = {isa = PBXBuildFile; fileRef = 06B4E52E1B2690C5006C3B1F /* MTImageViewStyleObj.m */; };
		06B4E53C1B2690C5006C3B1F /* MTLabelStyleObj.m in Sources */ = {isa = PBXBuildFile; fileRef = 06B4E5301B2690C5006C3B1F /* MTLabelStyleObj.m */; };
		06B4E53D1B2690C5006C3B1F /* MTLayerImageView.m in Sources */ = {isa = PBXBuildFile; fileRef = 06B4E5321B2690C5006C3B1F /* MTLayerImageView.m */; };
		06B4E53E1B2690C5006C3B1F /* MTLayerLabel.m in Sources */ = {isa = PBXBuildFile; fileRef = 06B4E5341B2690C5006C3B1F /* MTLayerLabel.m */; };
		06B4E53F1B2690C5006C3B1F /* MTLayerSceneView.m in Sources */ = {isa = PBXBuildFile; fileRef = 06B4E5361B2690C5006C3B1F /* MTLayerSceneView.m */; };
		06B4E5401B2690C5006C3B1F /* MTLayerView.m in Sources */ = {isa = PBXBuildFile; fileRef = 06B4E5381B2690C5006C3B1F /* MTLayerView.m */; };
		06B4E5411B2690C5006C3B1F /* MTStyleObj.m in Sources */ = {isa = PBXBuildFile; fileRef = 06B4E53A1B2690C5006C3B1F /* MTStyleObj.m */; };
		06B4E5431B269A47006C3B1F /* MTLayerManager.podspec in Resources */ = {isa = PBXBuildFile; fileRef = 06B4E5421B269A47006C3B1F /* MTLayerManager.podspec */; };
		D357E2B41AF09D1A005DE652 /* main.m in Sources */ = {isa = PBXBuildFile; fileRef = D357E2B31AF09D1A005DE652 /* main.m */; };
		D357E2B71AF09D1A005DE652 /* AppDelegate.m in Sources */ = {isa = PBXBuildFile; fileRef = D357E2B61AF09D1A005DE652 /* AppDelegate.m */; };
		D357E2BA1AF09D1A005DE652 /* ViewController.m in Sources */ = {isa = PBXBuildFile; fileRef = D357E2B91AF09D1A005DE652 /* ViewController.m */; };
		D357E2BF1AF09D1A005DE652 /* Images.xcassets in Resources */ = {isa = PBXBuildFile; fileRef = D357E2BE1AF09D1A005DE652 /* Images.xcassets */; };
		D357E2D81AF09D57005DE652 /* ViewController.xib in Resources */ = {isa = PBXBuildFile; fileRef = D357E2D71AF09D57005DE652 /* ViewController.xib */; };
		D357E2DB1AF09E35005DE652 /* Default-568h@2x.png in Resources */ = {isa = PBXBuildFile; fileRef = D357E2DA1AF09E35005DE652 /* Default-568h@2x.png */; };
		D357E2E11AF09F1C005DE652 /* DemoBG.jpg in Resources */ = {isa = PBXBuildFile; fileRef = D357E2E01AF09F1C005DE652 /* DemoBG.jpg */; };
		D357E2E81AF0A02E005DE652 /* Bubble_1.png in Resources */ = {isa = PBXBuildFile; fileRef = D357E2E41AF0A02E005DE652 /* Bubble_1.png */; };
		D357E2EA1AF0A02E005DE652 /* Bubble_2.png in Resources */ = {isa = PBXBuildFile; fileRef = D357E2E51AF0A02E005DE652 /* Bubble_2.png */; };
		D357E2EC1AF0A02E005DE652 /* Bubble_3.png in Resources */ = {isa = PBXBuildFile; fileRef = D357E2E61AF0A02E005DE652 /* Bubble_3.png */; };
		D357E2EE1AF0A02E005DE652 /* Bubble_4.png in Resources */ = {isa = PBXBuildFile; fileRef = D357E2E71AF0A02E005DE652 /* Bubble_4.png */; };
/* End PBXBuildFile section */

/* Begin PBXFileReference section */
		06B4E52D1B2690C5006C3B1F /* MTImageViewStyleObj.h */ = {isa = PBXFileReference; fileEncoding = 4; lastKnownFileType = sourcecode.c.h; path = MTImageViewStyleObj.h; sourceTree = "<group>"; };
		06B4E52E1B2690C5006C3B1F /* MTImageViewStyleObj.m */ = {isa = PBXFileReference; fileEncoding = 4; lastKnownFileType = sourcecode.c.objc; path = MTImageViewStyleObj.m; sourceTree = "<group>"; };
		06B4E52F1B2690C5006C3B1F /* MTLabelStyleObj.h */ = {isa = PBXFileReference; fileEncoding = 4; lastKnownFileType = sourcecode.c.h; path = MTLabelStyleObj.h; sourceTree = "<group>"; };
		06B4E5301B2690C5006C3B1F /* MTLabelStyleObj.m */ = {isa = PBXFileReference; fileEncoding = 4; lastKnownFileType = sourcecode.c.objc; path = MTLabelStyleObj.m; sourceTree = "<group>"; };
		06B4E5311B2690C5006C3B1F /* MTLayerImageView.h */ = {isa = PBXFileReference; fileEncoding = 4; lastKnownFileType = sourcecode.c.h; path = MTLayerImageView.h; sourceTree = "<group>"; };
		06B4E5321B2690C5006C3B1F /* MTLayerImageView.m */ = {isa = PBXFileReference; fileEncoding = 4; lastKnownFileType = sourcecode.c.objc; path = MTLayerImageView.m; sourceTree = "<group>"; };
		06B4E5331B2690C5006C3B1F /* MTLayerLabel.h */ = {isa = PBXFileReference; fileEncoding = 4; lastKnownFileType = sourcecode.c.h; path = MTLayerLabel.h; sourceTree = "<group>"; };
		06B4E5341B2690C5006C3B1F /* MTLayerLabel.m */ = {isa = PBXFileReference; fileEncoding = 4; lastKnownFileType = sourcecode.c.objc; path = MTLayerLabel.m; sourceTree = "<group>"; };
		06B4E5351B2690C5006C3B1F /* MTLayerSceneView.h */ = {isa = PBXFileReference; fileEncoding = 4; lastKnownFileType = sourcecode.c.h; path = MTLayerSceneView.h; sourceTree = "<group>"; };
		06B4E5361B2690C5006C3B1F /* MTLayerSceneView.m */ = {isa = PBXFileReference; fileEncoding = 4; lastKnownFileType = sourcecode.c.objc; path = MTLayerSceneView.m; sourceTree = "<group>"; };
		06B4E5371B2690C5006C3B1F /* MTLayerView.h */ = {isa = PBXFileReference; fileEncoding = 4; lastKnownFileType = sourcecode.c.h; path = MTLayerView.h; sourceTree = "<group>"; };
		06B4E5381B2690C5006C3B1F /* MTLayerView.m */ = {isa = PBXFileReference; fileEncoding = 4; lastKnownFileType = sourcecode.c.objc; path = MTLayerView.m; sourceTree = "<group>"; };
		06B4E5391B2690C5006C3B1F /* MTStyleObj.h */ = {isa = PBXFileReference; fileEncoding = 4; lastKnownFileType = sourcecode.c.h; path = MTStyleObj.h; sourceTree = "<group>"; };
		06B4E53A1B2690C5006C3B1F /* MTStyleObj.m */ = {isa = PBXFileReference; fileEncoding = 4; lastKnownFileType = sourcecode.c.objc; path = MTStyleObj.m; sourceTree = "<group>"; };
		06B4E5421B269A47006C3B1F /* MTLayerManager.podspec */ = {isa = PBXFileReference; fileEncoding = 4; lastKnownFileType = text; path = MTLayerManager.podspec; sourceTree = "<group>"; };
		D357E2AE1AF09D1A005DE652 /* MTLayerManager.app */ = {isa = PBXFileReference; explicitFileType = wrapper.application; includeInIndex = 0; path = MTLayerManager.app; sourceTree = BUILT_PRODUCTS_DIR; };
		D357E2B21AF09D1A005DE652 /* Info.plist */ = {isa = PBXFileReference; lastKnownFileType = text.plist.xml; path = Info.plist; sourceTree = "<group>"; };
		D357E2B31AF09D1A005DE652 /* main.m */ = {isa = PBXFileReference; lastKnownFileType = sourcecode.c.objc; path = main.m; sourceTree = "<group>"; };
		D357E2B51AF09D1A005DE652 /* AppDelegate.h */ = {isa = PBXFileReference; lastKnownFileType = sourcecode.c.h; path = AppDelegate.h; sourceTree = "<group>"; };
		D357E2B61AF09D1A005DE652 /* AppDelegate.m */ = {isa = PBXFileReference; lastKnownFileType = sourcecode.c.objc; path = AppDelegate.m; sourceTree = "<group>"; };
		D357E2B81AF09D1A005DE652 /* ViewController.h */ = {isa = PBXFileReference; lastKnownFileType = sourcecode.c.h; path = ViewController.h; sourceTree = "<group>"; };
		D357E2B91AF09D1A005DE652 /* ViewController.m */ = {isa = PBXFileReference; lastKnownFileType = sourcecode.c.objc; path = ViewController.m; sourceTree = "<group>"; };
		D357E2BE1AF09D1A005DE652 /* Images.xcassets */ = {isa = PBXFileReference; lastKnownFileType = folder.assetcatalog; path = Images.xcassets; sourceTree = "<group>"; };
		D357E2D71AF09D57005DE652 /* ViewController.xib */ = {isa = PBXFileReference; fileEncoding = 4; lastKnownFileType = file.xib; path = ViewController.xib; sourceTree = "<group>"; };
		D357E2DA1AF09E35005DE652 /* Default-568h@2x.png */ = {isa = PBXFileReference; lastKnownFileType = image.png; path = "Default-568h@2x.png"; sourceTree = "<group>"; };
		D357E2E01AF09F1C005DE652 /* DemoBG.jpg */ = {isa = PBXFileReference; lastKnownFileType = image.jpeg; path = DemoBG.jpg; sourceTree = "<group>"; };
		D357E2E41AF0A02E005DE652 /* Bubble_1.png */ = {isa = PBXFileReference; lastKnownFileType = image.png; path = Bubble_1.png; sourceTree = "<group>"; };
		D357E2E51AF0A02E005DE652 /* Bubble_2.png */ = {isa = PBXFileReference; lastKnownFileType = image.png; path = Bubble_2.png; sourceTree = "<group>"; };
		D357E2E61AF0A02E005DE652 /* Bubble_3.png */ = {isa = PBXFileReference; lastKnownFileType = image.png; path = Bubble_3.png; sourceTree = "<group>"; };
		D357E2E71AF0A02E005DE652 /* Bubble_4.png */ = {isa = PBXFileReference; lastKnownFileType = image.png; path = Bubble_4.png; sourceTree = "<group>"; };
/* End PBXFileReference section */

/* Begin PBXFrameworksBuildPhase section */
		D357E2AB1AF09D1A005DE652 /* Frameworks */ = {
			isa = PBXFrameworksBuildPhase;
			buildActionMask = 2147483647;
			files = (
			);
			runOnlyForDeploymentPostprocessing = 0;
		};
/* End PBXFrameworksBuildPhase section */

/* Begin PBXGroup section */
		06B4E52C1B2690C5006C3B1F /* Source */ = {
			isa = PBXGroup;
			children = (
				06B4E52D1B2690C5006C3B1F /* MTImageViewStyleObj.h */,
				06B4E52E1B2690C5006C3B1F /* MTImageViewStyleObj.m */,
				06B4E52F1B2690C5006C3B1F /* MTLabelStyleObj.h */,
				06B4E5301B2690C5006C3B1F /* MTLabelStyleObj.m */,
				06B4E5311B2690C5006C3B1F /* MTLayerImageView.h */,
				06B4E5321B2690C5006C3B1F /* MTLayerImageView.m */,
				06B4E5331B2690C5006C3B1F /* MTLayerLabel.h */,
				06B4E5341B2690C5006C3B1F /* MTLayerLabel.m */,
				06B4E5351B2690C5006C3B1F /* MTLayerSceneView.h */,
				06B4E5361B2690C5006C3B1F /* MTLayerSceneView.m */,
				06B4E5371B2690C5006C3B1F /* MTLayerView.h */,
				06B4E5381B2690C5006C3B1F /* MTLayerView.m */,
				06B4E5391B2690C5006C3B1F /* MTStyleObj.h */,
				06B4E53A1B2690C5006C3B1F /* MTStyleObj.m */,
			);
			path = Source;
			sourceTree = "<group>";
		};
		D357E2A51AF09D1A005DE652 = {
			isa = PBXGroup;
			children = (
				06B4E5421B269A47006C3B1F /* MTLayerManager.podspec */,
				06B4E52C1B2690C5006C3B1F /* Source */,
				D357E2DF1AF09F1C005DE652 /* Resource */,
				D357E2DA1AF09E35005DE652 /* Default-568h@2x.png */,
				D357E2B01AF09D1A005DE652 /* LayerManagementDemo */,
				D357E2AF1AF09D1A005DE652 /* Products */,
			);
			sourceTree = "<group>";
		};
		D357E2AF1AF09D1A005DE652 /* Products */ = {
			isa = PBXGroup;
			children = (
				D357E2AE1AF09D1A005DE652 /* MTLayerManager.app */,
			);
			name = Products;
			sourceTree = "<group>";
		};
		D357E2B01AF09D1A005DE652 /* LayerManagementDemo */ = {
			isa = PBXGroup;
			children = (
				D357E2B51AF09D1A005DE652 /* AppDelegate.h */,
				D357E2B61AF09D1A005DE652 /* AppDelegate.m */,
				D357E2B81AF09D1A005DE652 /* ViewController.h */,
				D357E2B91AF09D1A005DE652 /* ViewController.m */,
				D357E2D71AF09D57005DE652 /* ViewController.xib */,
				D357E2BE1AF09D1A005DE652 /* Images.xcassets */,
				D357E2B11AF09D1A005DE652 /* Supporting Files */,
			);
			path = LayerManagementDemo;
			sourceTree = "<group>";
		};
		D357E2B11AF09D1A005DE652 /* Supporting Files */ = {
			isa = PBXGroup;
			children = (
				D357E2B21AF09D1A005DE652 /* Info.plist */,
				D357E2B31AF09D1A005DE652 /* main.m */,
			);
			name = "Supporting Files";
			sourceTree = "<group>";
		};
		D357E2DF1AF09F1C005DE652 /* Resource */ = {
			isa = PBXGroup;
			children = (
				D357E2E31AF0A02E005DE652 /* Bubble */,
				D357E2E01AF09F1C005DE652 /* DemoBG.jpg */,
			);
			path = Resource;
			sourceTree = "<group>";
		};
		D357E2E31AF0A02E005DE652 /* Bubble */ = {
			isa = PBXGroup;
			children = (
				D357E2E41AF0A02E005DE652 /* Bubble_1.png */,
				D357E2E51AF0A02E005DE652 /* Bubble_2.png */,
				D357E2E61AF0A02E005DE652 /* Bubble_3.png */,
				D357E2E71AF0A02E005DE652 /* Bubble_4.png */,
			);
			path = Bubble;
			sourceTree = "<group>";
		};
/* End PBXGroup section */

/* Begin PBXNativeTarget section */
		D357E2AD1AF09D1A005DE652 /* LayerManagementDemo */ = {
			isa = PBXNativeTarget;
			buildConfigurationList = D357E2D11AF09D1B005DE652 /* Build configuration list for PBXNativeTarget "LayerManagementDemo" */;
			buildPhases = (
				D357E2AA1AF09D1A005DE652 /* Sources */,
				D357E2AB1AF09D1A005DE652 /* Frameworks */,
				D357E2AC1AF09D1A005DE652 /* Resources */,
			);
			buildRules = (
			);
			dependencies = (
			);
			name = LayerManagementDemo;
			productName = LayerManagementDemo;
			productReference = D357E2AE1AF09D1A005DE652 /* MTLayerManager.app */;
			productType = "com.apple.product-type.application";
		};
/* End PBXNativeTarget section */

/* Begin PBXProject section */
		D357E2A61AF09D1A005DE652 /* Project object */ = {
			isa = PBXProject;
			attributes = {
				LastUpgradeCheck = 0630;
				ORGANIZATIONNAME = HuangRusty;
				TargetAttributes = {
					D357E2AD1AF09D1A005DE652 = {
						CreatedOnToolsVersion = 6.3.1;
					};
				};
			};
			buildConfigurationList = D357E2A91AF09D1A005DE652 /* Build configuration list for PBXProject "LayerManagementDemo" */;
			compatibilityVersion = "Xcode 3.2";
			developmentRegion = English;
			hasScannedForEncodings = 0;
			knownRegions = (
				en,
				Base,
			);
			mainGroup = D357E2A51AF09D1A005DE652;
			productRefGroup = D357E2AF1AF09D1A005DE652 /* Products */;
			projectDirPath = "";
			projectRoot = "";
			targets = (
				D357E2AD1AF09D1A005DE652 /* LayerManagementDemo */,
			);
		};
/* End PBXProject section */

/* Begin PBXResourcesBuildPhase section */
		D357E2AC1AF09D1A005DE652 /* Resources */ = {
			isa = PBXResourcesBuildPhase;
			buildActionMask = 2147483647;
			files = (
				D357E2E81AF0A02E005DE652 /* Bubble_1.png in Resources */,
				D357E2D81AF09D57005DE652 /* ViewController.xib in Resources */,
				D357E2EA1AF0A02E005DE652 /* Bubble_2.png in Resources */,
				D357E2BF1AF09D1A005DE652 /* Images.xcassets in Resources */,
				D357E2DB1AF09E35005DE652 /* Default-568h@2x.png in Resources */,
				06B4E5431B269A47006C3B1F /* MTLayerManager.podspec in Resources */,
				D357E2EC1AF0A02E005DE652 /* Bubble_3.png in Resources */,
				D357E2EE1AF0A02E005DE652 /* Bubble_4.png in Resources */,
				D357E2E11AF09F1C005DE652 /* DemoBG.jpg in Resources */,
			);
			runOnlyForDeploymentPostprocessing = 0;
		};
/* End PBXResourcesBuildPhase section */

/* Begin PBXSourcesBuildPhase section */
		D357E2AA1AF09D1A005DE652 /* Sources */ = {
			isa = PBXSourcesBuildPhase;
			buildActionMask = 2147483647;
			files = (
				06B4E53C1B2690C5006C3B1F /* MTLabelStyleObj.m in Sources */,
				D357E2BA1AF09D1A005DE652 /* ViewController.m in Sources */,
				06B4E53E1B2690C5006C3B1F /* MTLayerLabel.m in Sources */,
				06B4E53B1B2690C5006C3B1F /* MTImageViewStyleObj.m in Sources */,
				06B4E53D1B2690C5006C3B1F /* MTLayerImageView.m in Sources */,
				D357E2B71AF09D1A005DE652 /* AppDelegate.m in Sources */,
				06B4E5411B2690C5006C3B1F /* MTStyleObj.m in Sources */,
				06B4E53F1B2690C5006C3B1F /* MTLayerSceneView.m in Sources */,
				06B4E5401B2690C5006C3B1F /* MTLayerView.m in Sources */,
				D357E2B41AF09D1A005DE652 /* main.m in Sources */,
			);
			runOnlyForDeploymentPostprocessing = 0;
		};
/* End PBXSourcesBuildPhase section */

/* Begin XCBuildConfiguration section */
		D357E2CF1AF09D1B005DE652 /* Debug */ = {
			isa = XCBuildConfiguration;
			buildSettings = {
				ALWAYS_SEARCH_USER_PATHS = NO;
				CLANG_CXX_LANGUAGE_STANDARD = "gnu++0x";
				CLANG_CXX_LIBRARY = "libc++";
				CLANG_ENABLE_MODULES = YES;
				CLANG_ENABLE_OBJC_ARC = YES;
				CLANG_WARN_BOOL_CONVERSION = YES;
				CLANG_WARN_CONSTANT_CONVERSION = YES;
				CLANG_WARN_DIRECT_OBJC_ISA_USAGE = YES_ERROR;
				CLANG_WARN_EMPTY_BODY = YES;
				CLANG_WARN_ENUM_CONVERSION = YES;
				CLANG_WARN_INT_CONVERSION = YES;
				CLANG_WARN_OBJC_ROOT_CLASS = YES_ERROR;
				CLANG_WARN_UNREACHABLE_CODE = YES;
				CLANG_WARN__DUPLICATE_METHOD_MATCH = YES;
				"CODE_SIGN_IDENTITY[sdk=iphoneos*]" = "iPhone Developer";
				COPY_PHASE_STRIP = NO;
				DEBUG_INFORMATION_FORMAT = "dwarf-with-dsym";
				ENABLE_STRICT_OBJC_MSGSEND = YES;
				GCC_C_LANGUAGE_STANDARD = gnu99;
				GCC_DYNAMIC_NO_PIC = NO;
				GCC_NO_COMMON_BLOCKS = YES;
				GCC_OPTIMIZATION_LEVEL = 0;
				GCC_PREPROCESSOR_DEFINITIONS = (
					"DEBUG=1",
					"$(inherited)",
				);
				GCC_SYMBOLS_PRIVATE_EXTERN = NO;
				GCC_WARN_64_TO_32_BIT_CONVERSION = YES;
				GCC_WARN_ABOUT_RETURN_TYPE = YES_ERROR;
				GCC_WARN_UNDECLARED_SELECTOR = YES;
				GCC_WARN_UNINITIALIZED_AUTOS = YES_AGGRESSIVE;
				GCC_WARN_UNUSED_FUNCTION = YES;
				GCC_WARN_UNUSED_VARIABLE = YES;
				IPHONEOS_DEPLOYMENT_TARGET = 8.3;
				MTL_ENABLE_DEBUG_INFO = YES;
				ONLY_ACTIVE_ARCH = YES;
				SDKROOT = iphoneos;
			};
			name = Debug;
		};
		D357E2D01AF09D1B005DE652 /* Release */ = {
			isa = XCBuildConfiguration;
			buildSettings = {
				ALWAYS_SEARCH_USER_PATHS = NO;
				CLANG_CXX_LANGUAGE_STANDARD = "gnu++0x";
				CLANG_CXX_LIBRARY = "libc++";
				CLANG_ENABLE_MODULES = YES;
				CLANG_ENABLE_OBJC_ARC = YES;
				CLANG_WARN_BOOL_CONVERSION = YES;
				CLANG_WARN_CONSTANT_CONVERSION = YES;
				CLANG_WARN_DIRECT_OBJC_ISA_USAGE = YES_ERROR;
				CLANG_WARN_EMPTY_BODY = YES;
				CLANG_WARN_ENUM_CONVERSION = YES;
				CLANG_WARN_INT_CONVERSION = YES;
				CLANG_WARN_OBJC_ROOT_CLASS = YES_ERROR;
				CLANG_WARN_UNREACHABLE_CODE = YES;
				CLANG_WARN__DUPLICATE_METHOD_MATCH = YES;
				"CODE_SIGN_IDENTITY[sdk=iphoneos*]" = "iPhone Developer";
				COPY_PHASE_STRIP = NO;
				DEBUG_INFORMATION_FORMAT = "dwarf-with-dsym";
				ENABLE_NS_ASSERTIONS = NO;
				ENABLE_STRICT_OBJC_MSGSEND = YES;
				GCC_C_LANGUAGE_STANDARD = gnu99;
				GCC_NO_COMMON_BLOCKS = YES;
				GCC_WARN_64_TO_32_BIT_CONVERSION = YES;
				GCC_WARN_ABOUT_RETURN_TYPE = YES_ERROR;
				GCC_WARN_UNDECLARED_SELECTOR = YES;
				GCC_WARN_UNINITIALIZED_AUTOS = YES_AGGRESSIVE;
				GCC_WARN_UNUSED_FUNCTION = YES;
				GCC_WARN_UNUSED_VARIABLE = YES;
				IPHONEOS_DEPLOYMENT_TARGET = 8.3;
				MTL_ENABLE_DEBUG_INFO = NO;
				SDKROOT = iphoneos;
				VALIDATE_PRODUCT = YES;
			};
			name = Release;
		};
		D357E2D21AF09D1B005DE652 /* Debug */ = {
			isa = XCBuildConfiguration;
			buildSettings = {
				ASSETCATALOG_COMPILER_APPICON_NAME = AppIcon;
				"CODE_SIGN_IDENTITY[sdk=iphoneos*]" = "iPhone Developer: Chien Yi-Hsiang (56UFUK663G)";
				INFOPLIST_FILE = LayerManagementDemo/Info.plist;
				IPHONEOS_DEPLOYMENT_TARGET = 7.0;
				LD_RUNPATH_SEARCH_PATHS = "$(inherited) @executable_path/Frameworks";
				PRODUCT_NAME = MTLayerManager;
				PROVISIONING_PROFILE = "ef4c1e4d-5376-41a7-8b14-db3e4be79d61";
			};
			name = Debug;
		};
		D357E2D31AF09D1B005DE652 /* Release */ = {
			isa = XCBuildConfiguration;
			buildSettings = {
				ASSETCATALOG_COMPILER_APPICON_NAME = AppIcon;
				"CODE_SIGN_IDENTITY[sdk=iphoneos*]" = "iPhone Developer: Chien Yi-Hsiang (56UFUK663G)";
				INFOPLIST_FILE = LayerManagementDemo/Info.plist;
				IPHONEOS_DEPLOYMENT_TARGET = 7.0;
				LD_RUNPATH_SEARCH_PATHS = "$(inherited) @executable_path/Frameworks";
				PRODUCT_NAME = MTLayerManager;
				PROVISIONING_PROFILE = "ef4c1e4d-5376-41a7-8b14-db3e4be79d61";
			};
			name = Release;
		};
/* End XCBuildConfiguration section */

/* Begin XCConfigurationList section */
		D357E2A91AF09D1A005DE652 /* Build configuration list for PBXProject "LayerManagementDemo" */ = {
			isa = XCConfigurationList;
			buildConfigurations = (
				D357E2CF1AF09D1B005DE652 /* Debug */,
				D357E2D01AF09D1B005DE652 /* Release */,
			);
			defaultConfigurationIsVisible = 0;
			defaultConfigurationName = Release;
		};
		D357E2D11AF09D1B005DE652 /* Build configuration list for PBXNativeTarget "LayerManagementDemo" */ = {
			isa = XCConfigurationList;
			buildConfigurations = (
				D357E2D21AF09D1B005DE652 /* Debug */,
				D357E2D31AF09D1B005DE652 /* Release */,
			);
			defaultConfigurationIsVisible = 0;
			defaultConfigurationName = Release;
		};
/* End XCConfigurationList section */
	};
	rootObject = D357E2A61AF09D1A005DE652 /* Project object */;
}
